
Microsoft Visual Studio Solution File, Format Version 12.00
# Visual Studio 15
VisualStudioVersion = 15.0.27428.2011
MinimumVisualStudioVersion = 10.0.40219.1
Project("{FAE04EC0-301F-11D3-BF4B-00C04F79EFBC}") = "Build", "..\..\build\scripts\Build.csproj", "{0D8E32F7-D41E-48DB-BE3C-F461DDA9EDB3}"
EndProject
Project("{9A19103F-16F7-4668-BE54-9A1E7A4F7556}") = "Qml.Net", "Qml.Net\Qml.Net.csproj", "{5C802B29-A11A-498D-BAE7-7173DF314DFD}"
EndProject
Project("{9A19103F-16F7-4668-BE54-9A1E7A4F7556}") = "Qml.Net.Tests", "Qml.Net.Tests\Qml.Net.Tests.csproj", "{977CD17F-0E1F-4D6F-9014-2816B059FF49}"
EndProject
Project("{9A19103F-16F7-4668-BE54-9A1E7A4F7556}") = "Qml.Net.Sandbox", "Qml.Net.Sandbox\Qml.Net.Sandbox.csproj", "{69A52738-9606-4CA2-80F2-D898ACCA37BB}"
EndProject
Project("{FAE04EC0-301F-11D3-BF4B-00C04F79EFBC}") = "Qml.Net.Benchmarks", "Qml.Net.Benchmarks\Qml.Net.Benchmarks.csproj", "{A83B453B-93F6-4ADE-BB6A-BC473AEF4158}"
EndProject
Project("{FAE04EC0-301F-11D3-BF4B-00C04F79EFBC}") = "Qml.Net.Aot", "Qml.Net.Aot\Qml.Net.Aot.csproj", "{A5C9B58B-A3FD-468F-8696-1D05337B366C}"
EndProject
Project("{FAE04EC0-301F-11D3-BF4B-00C04F79EFBC}") = "Qml.Net.Tests.AotGenerate", "Qml.Net.Tests.AotGenerate\Qml.Net.Tests.AotGenerate.csproj", "{F2BDD09C-B8C8-40C5-BEE9-6CB23B686A9C}"
EndProject
Global
	GlobalSection(SolutionConfigurationPlatforms) = preSolution
		Debug|Any CPU = Debug|Any CPU
		Release|Any CPU = Release|Any CPU
	EndGlobalSection
	GlobalSection(ProjectConfigurationPlatforms) = postSolution
		{0D8E32F7-D41E-48DB-BE3C-F461DDA9EDB3}.Debug|Any CPU.ActiveCfg = Debug|Any CPU
		{0D8E32F7-D41E-48DB-BE3C-F461DDA9EDB3}.Debug|Any CPU.Build.0 = Debug|Any CPU
		{0D8E32F7-D41E-48DB-BE3C-F461DDA9EDB3}.Release|Any CPU.ActiveCfg = Release|Any CPU
		{0D8E32F7-D41E-48DB-BE3C-F461DDA9EDB3}.Release|Any CPU.Build.0 = Release|Any CPU
		{5C802B29-A11A-498D-BAE7-7173DF314DFD}.Debug|Any CPU.ActiveCfg = Debug|Any CPU
		{5C802B29-A11A-498D-BAE7-7173DF314DFD}.Debug|Any CPU.Build.0 = Debug|Any CPU
		{5C802B29-A11A-498D-BAE7-7173DF314DFD}.Release|Any CPU.ActiveCfg = Release|Any CPU
		{5C802B29-A11A-498D-BAE7-7173DF314DFD}.Release|Any CPU.Build.0 = Release|Any CPU
		{977CD17F-0E1F-4D6F-9014-2816B059FF49}.Debug|Any CPU.ActiveCfg = Debug|Any CPU
		{977CD17F-0E1F-4D6F-9014-2816B059FF49}.Debug|Any CPU.Build.0 = Debug|Any CPU
		{977CD17F-0E1F-4D6F-9014-2816B059FF49}.Release|Any CPU.ActiveCfg = Release|Any CPU
		{977CD17F-0E1F-4D6F-9014-2816B059FF49}.Release|Any CPU.Build.0 = Release|Any CPU
		{69A52738-9606-4CA2-80F2-D898ACCA37BB}.Debug|Any CPU.ActiveCfg = Debug|Any CPU
		{69A52738-9606-4CA2-80F2-D898ACCA37BB}.Debug|Any CPU.Build.0 = Debug|Any CPU
		{69A52738-9606-4CA2-80F2-D898ACCA37BB}.Release|Any CPU.ActiveCfg = Release|Any CPU
		{69A52738-9606-4CA2-80F2-D898ACCA37BB}.Release|Any CPU.Build.0 = Release|Any CPU
		{A83B453B-93F6-4ADE-BB6A-BC473AEF4158}.Debug|Any CPU.ActiveCfg = Debug|Any CPU
		{A83B453B-93F6-4ADE-BB6A-BC473AEF4158}.Debug|Any CPU.Build.0 = Debug|Any CPU
		{A83B453B-93F6-4ADE-BB6A-BC473AEF4158}.Release|Any CPU.ActiveCfg = Release|Any CPU
		{A83B453B-93F6-4ADE-BB6A-BC473AEF4158}.Release|Any CPU.Build.0 = Release|Any CPU
		{A5C9B58B-A3FD-468F-8696-1D05337B366C}.Debug|Any CPU.ActiveCfg = Debug|Any CPU
		{A5C9B58B-A3FD-468F-8696-1D05337B366C}.Debug|Any CPU.Build.0 = Debug|Any CPU
		{A5C9B58B-A3FD-468F-8696-1D05337B366C}.Release|Any CPU.ActiveCfg = Release|Any CPU
		{A5C9B58B-A3FD-468F-8696-1D05337B366C}.Release|Any CPU.Build.0 = Release|Any CPU
		{F2BDD09C-B8C8-40C5-BEE9-6CB23B686A9C}.Debug|Any CPU.ActiveCfg = Debug|Any CPU
		{F2BDD09C-B8C8-40C5-BEE9-6CB23B686A9C}.Debug|Any CPU.Build.0 = Debug|Any CPU
		{F2BDD09C-B8C8-40C5-BEE9-6CB23B686A9C}.Release|Any CPU.ActiveCfg = Release|Any CPU
		{F2BDD09C-B8C8-40C5-BEE9-6CB23B686A9C}.Release|Any CPU.Build.0 = Release|Any CPU
	EndGlobalSection
	GlobalSection(SolutionProperties) = preSolution
		HideSolutionNode = FALSE
	EndGlobalSection
	GlobalSection(ExtensibilityGlobals) = postSolution
		SolutionGuid = {C93464A0-DFE4-4C7F-8975-EBDECC410ACA}
	EndGlobalSection
EndGlobal
