
Microsoft Visual Studio Solution File, Format Version 12.00
# Visual Studio 15
VisualStudioVersion = 15.0.26403.7
MinimumVisualStudioVersion = 10.0.40219.1
Project("{FAE04EC0-301F-11D3-BF4B-00C04F79EFBC}") = "Qt.NetCore", "Qt.NetCore\Qt.NetCore.csproj", "{7CB05369-9F78-4FC7-AE17-3614998553D1}"
EndProject
Project("{FAE04EC0-301F-11D3-BF4B-00C04F79EFBC}") = "Qt.NetCore.Sandbox", "Qt.NetCore.Sandbox\Qt.NetCore.Sandbox.csproj", "{2AB6D1AB-FCC0-4E8B-B219-82915B4476B8}"
EndProject
Project("{FAE04EC0-301F-11D3-BF4B-00C04F79EFBC}") = "Qt.NetCore.Tests", "Qt.NetCore.Tests\Qt.NetCore.Tests.csproj", "{B0C83887-D424-4747-BF0A-E8AA47BE1548}"
EndProject
Global
	GlobalSection(SolutionConfigurationPlatforms) = preSolution
		Debug|Any CPU = Debug|Any CPU
		Release|Any CPU = Release|Any CPU
	EndGlobalSection
	GlobalSection(ProjectConfigurationPlatforms) = postSolution
		{7CB05369-9F78-4FC7-AE17-3614998553D1}.Debug|Any CPU.ActiveCfg = Debug|Any CPU
		{7CB05369-9F78-4FC7-AE17-3614998553D1}.Debug|Any CPU.Build.0 = Debug|Any CPU
		{7CB05369-9F78-4FC7-AE17-3614998553D1}.Release|Any CPU.ActiveCfg = Release|Any CPU
		{7CB05369-9F78-4FC7-AE17-3614998553D1}.Release|Any CPU.Build.0 = Release|Any CPU
		{2AB6D1AB-FCC0-4E8B-B219-82915B4476B8}.Debug|Any CPU.ActiveCfg = Debug|Any CPU
		{2AB6D1AB-FCC0-4E8B-B219-82915B4476B8}.Debug|Any CPU.Build.0 = Debug|Any CPU
		{2AB6D1AB-FCC0-4E8B-B219-82915B4476B8}.Release|Any CPU.ActiveCfg = Release|Any CPU
		{2AB6D1AB-FCC0-4E8B-B219-82915B4476B8}.Release|Any CPU.Build.0 = Release|Any CPU
		{B0C83887-D424-4747-BF0A-E8AA47BE1548}.Debug|Any CPU.ActiveCfg = Debug|Any CPU
		{B0C83887-D424-4747-BF0A-E8AA47BE1548}.Debug|Any CPU.Build.0 = Debug|Any CPU
		{B0C83887-D424-4747-BF0A-E8AA47BE1548}.Release|Any CPU.ActiveCfg = Release|Any CPU
		{B0C83887-D424-4747-BF0A-E8AA47BE1548}.Release|Any CPU.Build.0 = Release|Any CPU
	EndGlobalSection
	GlobalSection(SolutionProperties) = preSolution
		HideSolutionNode = FALSE
	EndGlobalSection
EndGlobal
