
Microsoft Visual Studio Solution File, Format Version 12.00
# Visual Studio 15
VisualStudioVersion = 15.0.26124.0
MinimumVisualStudioVersion = 15.0.26124.0
Project("{FAE04EC0-301F-11D3-BF4B-00C04F79EFBC}") = "NetHost", "NetHost.csproj", "{A787B77B-F87B-44A1-AD3D-38E21A92A84A}"
EndProject
Project("{FAE04EC0-301F-11D3-BF4B-00C04F79EFBC}") = "Qml.Net", "..\..\..\src\net\Qml.Net\Qml.Net.csproj", "{7258C1D8-8508-4ED9-8F89-5AE2EAEBED9D}"
EndProject
Global
	GlobalSection(SolutionConfigurationPlatforms) = preSolution
		Debug|Any CPU = Debug|Any CPU
		Debug|x64 = Debug|x64
		Debug|x86 = Debug|x86
		Release|Any CPU = Release|Any CPU
		Release|x64 = Release|x64
		Release|x86 = Release|x86
	EndGlobalSection
	GlobalSection(SolutionProperties) = preSolution
		HideSolutionNode = FALSE
	EndGlobalSection
	GlobalSection(ProjectConfigurationPlatforms) = postSolution
		{A787B77B-F87B-44A1-AD3D-38E21A92A84A}.Debug|Any CPU.ActiveCfg = Debug|Any CPU
		{A787B77B-F87B-44A1-AD3D-38E21A92A84A}.Debug|Any CPU.Build.0 = Debug|Any CPU
		{A787B77B-F87B-44A1-AD3D-38E21A92A84A}.Debug|x64.ActiveCfg = Debug|Any CPU
		{A787B77B-F87B-44A1-AD3D-38E21A92A84A}.Debug|x64.Build.0 = Debug|Any CPU
		{A787B77B-F87B-44A1-AD3D-38E21A92A84A}.Debug|x86.ActiveCfg = Debug|Any CPU
		{A787B77B-F87B-44A1-AD3D-38E21A92A84A}.Debug|x86.Build.0 = Debug|Any CPU
		{A787B77B-F87B-44A1-AD3D-38E21A92A84A}.Release|Any CPU.ActiveCfg = Release|Any CPU
		{A787B77B-F87B-44A1-AD3D-38E21A92A84A}.Release|Any CPU.Build.0 = Release|Any CPU
		{A787B77B-F87B-44A1-AD3D-38E21A92A84A}.Release|x64.ActiveCfg = Release|Any CPU
		{A787B77B-F87B-44A1-AD3D-38E21A92A84A}.Release|x64.Build.0 = Release|Any CPU
		{A787B77B-F87B-44A1-AD3D-38E21A92A84A}.Release|x86.ActiveCfg = Release|Any CPU
		{A787B77B-F87B-44A1-AD3D-38E21A92A84A}.Release|x86.Build.0 = Release|Any CPU
		{7258C1D8-8508-4ED9-8F89-5AE2EAEBED9D}.Debug|Any CPU.ActiveCfg = Debug|Any CPU
		{7258C1D8-8508-4ED9-8F89-5AE2EAEBED9D}.Debug|Any CPU.Build.0 = Debug|Any CPU
		{7258C1D8-8508-4ED9-8F89-5AE2EAEBED9D}.Debug|x64.ActiveCfg = Debug|Any CPU
		{7258C1D8-8508-4ED9-8F89-5AE2EAEBED9D}.Debug|x64.Build.0 = Debug|Any CPU
		{7258C1D8-8508-4ED9-8F89-5AE2EAEBED9D}.Debug|x86.ActiveCfg = Debug|Any CPU
		{7258C1D8-8508-4ED9-8F89-5AE2EAEBED9D}.Debug|x86.Build.0 = Debug|Any CPU
		{7258C1D8-8508-4ED9-8F89-5AE2EAEBED9D}.Release|Any CPU.ActiveCfg = Release|Any CPU
		{7258C1D8-8508-4ED9-8F89-5AE2EAEBED9D}.Release|Any CPU.Build.0 = Release|Any CPU
		{7258C1D8-8508-4ED9-8F89-5AE2EAEBED9D}.Release|x64.ActiveCfg = Release|Any CPU
		{7258C1D8-8508-4ED9-8F89-5AE2EAEBED9D}.Release|x64.Build.0 = Release|Any CPU
		{7258C1D8-8508-4ED9-8F89-5AE2EAEBED9D}.Release|x86.ActiveCfg = Release|Any CPU
		{7258C1D8-8508-4ED9-8F89-5AE2EAEBED9D}.Release|x86.Build.0 = Release|Any CPU
	EndGlobalSection
EndGlobal
